// !$*UTF8*$!
{
	archiveVersion = 1;
	classes = {
	};
	objectVersion = 46;
	objects = {

/* Begin PBXBuildFile section */
		269E017A194AF8F80053653D /* beaconTableViewController.m in Sources */ = {isa = PBXBuildFile; fileRef = 269E0179194AF8F80053653D /* beaconTableViewController.m */; };
		269E017D194AFB070053653D /* beaconManager.m in Sources */ = {isa = PBXBuildFile; fileRef = 269E017C194AFB070053653D /* beaconManager.m */; };
		26AD4F4B1941A83600C2045D /* beaconReader.m in Sources */ = {isa = PBXBuildFile; fileRef = 26AD4F4A1941A83600C2045D /* beaconReader.m */; };
		26AD4F4E1941A85500C2045D /* beaconStation.m in Sources */ = {isa = PBXBuildFile; fileRef = 26AD4F4D1941A85500C2045D /* beaconStation.m */; };
		26ADA6C119348D3400686C25 /* Foundation.framework in Frameworks */ = {isa = PBXBuildFile; fileRef = 26ADA6C019348D3300686C25 /* Foundation.framework */; };
		26ADA6C319348D3400686C25 /* CoreGraphics.framework in Frameworks */ = {isa = PBXBuildFile; fileRef = 26ADA6C219348D3400686C25 /* CoreGraphics.framework */; };
		26ADA6C519348D3400686C25 /* UIKit.framework in Frameworks */ = {isa = PBXBuildFile; fileRef = 26ADA6C419348D3400686C25 /* UIKit.framework */; };
		26ADA6CB19348D3400686C25 /* InfoPlist.strings in Resources */ = {isa = PBXBuildFile; fileRef = 26ADA6C919348D3400686C25 /* InfoPlist.strings */; };
		26ADA6CD19348D3400686C25 /* main.m in Sources */ = {isa = PBXBuildFile; fileRef = 26ADA6CC19348D3400686C25 /* main.m */; };
		26ADA6D119348D3400686C25 /* AppDelegate.m in Sources */ = {isa = PBXBuildFile; fileRef = 26ADA6D019348D3400686C25 /* AppDelegate.m */; };
		26ADA6D719348D3400686C25 /* ViewController.m in Sources */ = {isa = PBXBuildFile; fileRef = 26ADA6D619348D3400686C25 /* ViewController.m */; };
		26ADA6D919348D3400686C25 /* Images.xcassets in Resources */ = {isa = PBXBuildFile; fileRef = 26ADA6D819348D3400686C25 /* Images.xcassets */; };
		26ADA6E019348D3400686C25 /* XCTest.framework in Frameworks */ = {isa = PBXBuildFile; fileRef = 26ADA6DF19348D3400686C25 /* XCTest.framework */; };
		26ADA6E119348D3400686C25 /* Foundation.framework in Frameworks */ = {isa = PBXBuildFile; fileRef = 26ADA6C019348D3300686C25 /* Foundation.framework */; };
		26ADA6E219348D3400686C25 /* UIKit.framework in Frameworks */ = {isa = PBXBuildFile; fileRef = 26ADA6C419348D3400686C25 /* UIKit.framework */; };
		26ADA6EA19348D3400686C25 /* InfoPlist.strings in Resources */ = {isa = PBXBuildFile; fileRef = 26ADA6E819348D3400686C25 /* InfoPlist.strings */; };
		26ADA6EC19348D3400686C25 /* iBeaconTests.m in Sources */ = {isa = PBXBuildFile; fileRef = 26ADA6EB19348D3400686C25 /* iBeaconTests.m */; };
		26ADA6F6193493CA00686C25 /* CoreLocation.framework in Frameworks */ = {isa = PBXBuildFile; fileRef = 26ADA6F5193493CA00686C25 /* CoreLocation.framework */; };
		26ADA6F81934940500686C25 /* CoreBluetooth.framework in Frameworks */ = {isa = PBXBuildFile; fileRef = 26ADA6F71934940500686C25 /* CoreBluetooth.framework */; };
		26F888B01961BDFA0019ED3F /* beaconCalibrate.m in Sources */ = {isa = PBXBuildFile; fileRef = 26F888AF1961BDFA0019ED3F /* beaconCalibrate.m */; };
		47A0848A196417AB00E6A8BC /* beaconDBAction.m in Sources */ = {isa = PBXBuildFile; fileRef = 47A08489196417AB00E6A8BC /* beaconDBAction.m */; };
		47A0848D19655DCB00E6A8BC /* beaconInfoData.m in Sources */ = {isa = PBXBuildFile; fileRef = 47A0848C19655DCB00E6A8BC /* beaconInfoData.m */; };
		47A139FA196AD1FD00CEC495 /* beaconDistanceViewController.m in Sources */ = {isa = PBXBuildFile; fileRef = 47A139F9196AD1FD00CEC495 /* beaconDistanceViewController.m */; };
		47A139FD196AD97C00CEC495 /* Main.storyboard in Resources */ = {isa = PBXBuildFile; fileRef = 47A139FB196AD97C00CEC495 /* Main.storyboard */; };
/* End PBXBuildFile section */

/* Begin PBXContainerItemProxy section */
		26ADA6E319348D3400686C25 /* PBXContainerItemProxy */ = {
			isa = PBXContainerItemProxy;
			containerPortal = 26ADA6B519348D3300686C25 /* Project object */;
			proxyType = 1;
			remoteGlobalIDString = 26ADA6BC19348D3300686C25;
			remoteInfo = iBeacon;
		};
/* End PBXContainerItemProxy section */

/* Begin PBXFileReference section */
		269E0178194AF8F80053653D /* beaconTableViewController.h */ = {isa = PBXFileReference; fileEncoding = 4; lastKnownFileType = sourcecode.c.h; path = beaconTableViewController.h; sourceTree = "<group>"; };
		269E0179194AF8F80053653D /* beaconTableViewController.m */ = {isa = PBXFileReference; fileEncoding = 4; lastKnownFileType = sourcecode.c.objc; path = beaconTableViewController.m; sourceTree = "<group>"; };
		269E017B194AFB070053653D /* beaconManager.h */ = {isa = PBXFileReference; fileEncoding = 4; lastKnownFileType = sourcecode.c.h; path = beaconManager.h; sourceTree = "<group>"; };
		269E017C194AFB070053653D /* beaconManager.m */ = {isa = PBXFileReference; fileEncoding = 4; lastKnownFileType = sourcecode.c.objc; path = beaconManager.m; sourceTree = "<group>"; };
		26AD4F491941A83600C2045D /* beaconReader.h */ = {isa = PBXFileReference; fileEncoding = 4; lastKnownFileType = sourcecode.c.h; path = beaconReader.h; sourceTree = "<group>"; };
		26AD4F4A1941A83600C2045D /* beaconReader.m */ = {isa = PBXFileReference; fileEncoding = 4; lastKnownFileType = sourcecode.c.objc; path = beaconReader.m; sourceTree = "<group>"; };
		26AD4F4C1941A85500C2045D /* beaconStation.h */ = {isa = PBXFileReference; fileEncoding = 4; lastKnownFileType = sourcecode.c.h; path = beaconStation.h; sourceTree = "<group>"; };
		26AD4F4D1941A85500C2045D /* beaconStation.m */ = {isa = PBXFileReference; fileEncoding = 4; lastKnownFileType = sourcecode.c.objc; path = beaconStation.m; sourceTree = "<group>"; };
		26ADA6BD19348D3300686C25 /* iBeacon.app */ = {isa = PBXFileReference; explicitFileType = wrapper.application; includeInIndex = 0; path = iBeacon.app; sourceTree = BUILT_PRODUCTS_DIR; };
		26ADA6C019348D3300686C25 /* Foundation.framework */ = {isa = PBXFileReference; lastKnownFileType = wrapper.framework; name = Foundation.framework; path = System/Library/Frameworks/Foundation.framework; sourceTree = SDKROOT; };
		26ADA6C219348D3400686C25 /* CoreGraphics.framework */ = {isa = PBXFileReference; lastKnownFileType = wrapper.framework; name = CoreGraphics.framework; path = System/Library/Frameworks/CoreGraphics.framework; sourceTree = SDKROOT; };
		26ADA6C419348D3400686C25 /* UIKit.framework */ = {isa = PBXFileReference; lastKnownFileType = wrapper.framework; name = UIKit.framework; path = System/Library/Frameworks/UIKit.framework; sourceTree = SDKROOT; };
		26ADA6C819348D3400686C25 /* iBeacon-Info.plist */ = {isa = PBXFileReference; lastKnownFileType = text.plist.xml; path = "iBeacon-Info.plist"; sourceTree = "<group>"; };
		26ADA6CA19348D3400686C25 /* en */ = {isa = PBXFileReference; lastKnownFileType = text.plist.strings; name = en; path = en.lproj/InfoPlist.strings; sourceTree = "<group>"; };
		26ADA6CC19348D3400686C25 /* main.m */ = {isa = PBXFileReference; lastKnownFileType = sourcecode.c.objc; path = main.m; sourceTree = "<group>"; };
		26ADA6CE19348D3400686C25 /* iBeacon-Prefix.pch */ = {isa = PBXFileReference; lastKnownFileType = sourcecode.c.h; path = "iBeacon-Prefix.pch"; sourceTree = "<group>"; };
		26ADA6CF19348D3400686C25 /* AppDelegate.h */ = {isa = PBXFileReference; lastKnownFileType = sourcecode.c.h; path = AppDelegate.h; sourceTree = "<group>"; };
		26ADA6D019348D3400686C25 /* AppDelegate.m */ = {isa = PBXFileReference; lastKnownFileType = sourcecode.c.objc; path = AppDelegate.m; sourceTree = "<group>"; };
		26ADA6D519348D3400686C25 /* ViewController.h */ = {isa = PBXFileReference; lastKnownFileType = sourcecode.c.h; path = ViewController.h; sourceTree = "<group>"; };
		26ADA6D619348D3400686C25 /* ViewController.m */ = {isa = PBXFileReference; lastKnownFileType = sourcecode.c.objc; path = ViewController.m; sourceTree = "<group>"; };
		26ADA6D819348D3400686C25 /* Images.xcassets */ = {isa = PBXFileReference; lastKnownFileType = folder.assetcatalog; path = Images.xcassets; sourceTree = "<group>"; };
		26ADA6DE19348D3400686C25 /* iBeaconTests.xctest */ = {isa = PBXFileReference; explicitFileType = wrapper.cfbundle; includeInIndex = 0; path = iBeaconTests.xctest; sourceTree = BUILT_PRODUCTS_DIR; };
		26ADA6DF19348D3400686C25 /* XCTest.framework */ = {isa = PBXFileReference; lastKnownFileType = wrapper.framework; name = XCTest.framework; path = Library/Frameworks/XCTest.framework; sourceTree = DEVELOPER_DIR; };
		26ADA6E719348D3400686C25 /* iBeaconTests-Info.plist */ = {isa = PBXFileReference; lastKnownFileType = text.plist.xml; path = "iBeaconTests-Info.plist"; sourceTree = "<group>"; };
		26ADA6E919348D3400686C25 /* en */ = {isa = PBXFileReference; lastKnownFileType = text.plist.strings; name = en; path = en.lproj/InfoPlist.strings; sourceTree = "<group>"; };
		26ADA6EB19348D3400686C25 /* iBeaconTests.m */ = {isa = PBXFileReference; lastKnownFileType = sourcecode.c.objc; path = iBeaconTests.m; sourceTree = "<group>"; };
		26ADA6F5193493CA00686C25 /* CoreLocation.framework */ = {isa = PBXFileReference; lastKnownFileType = wrapper.framework; name = CoreLocation.framework; path = System/Library/Frameworks/CoreLocation.framework; sourceTree = SDKROOT; };
		26ADA6F71934940500686C25 /* CoreBluetooth.framework */ = {isa = PBXFileReference; lastKnownFileType = wrapper.framework; name = CoreBluetooth.framework; path = System/Library/Frameworks/CoreBluetooth.framework; sourceTree = SDKROOT; };
		26F888AE1961BDFA0019ED3F /* beaconCalibrate.h */ = {isa = PBXFileReference; fileEncoding = 4; lastKnownFileType = sourcecode.c.h; path = beaconCalibrate.h; sourceTree = "<group>"; };
		26F888AF1961BDFA0019ED3F /* beaconCalibrate.m */ = {isa = PBXFileReference; fileEncoding = 4; lastKnownFileType = sourcecode.c.objc; path = beaconCalibrate.m; sourceTree = "<group>"; };
		47A08488196417AB00E6A8BC /* beaconDBAction.h */ = {isa = PBXFileReference; fileEncoding = 4; lastKnownFileType = sourcecode.c.h; path = beaconDBAction.h; sourceTree = "<group>"; };
		47A08489196417AB00E6A8BC /* beaconDBAction.m */ = {isa = PBXFileReference; fileEncoding = 4; lastKnownFileType = sourcecode.c.objc; path = beaconDBAction.m; sourceTree = "<group>"; };
		47A0848B19655DCB00E6A8BC /* beaconInfoData.h */ = {isa = PBXFileReference; fileEncoding = 4; lastKnownFileType = sourcecode.c.h; path = beaconInfoData.h; sourceTree = "<group>"; };
		47A0848C19655DCB00E6A8BC /* beaconInfoData.m */ = {isa = PBXFileReference; fileEncoding = 4; lastKnownFileType = sourcecode.c.objc; path = beaconInfoData.m; sourceTree = "<group>"; };
		47A139F8196AD1FD00CEC495 /* beaconDistanceViewController.h */ = {isa = PBXFileReference; fileEncoding = 4; lastKnownFileType = sourcecode.c.h; path = beaconDistanceViewController.h; sourceTree = "<group>"; };
		47A139F9196AD1FD00CEC495 /* beaconDistanceViewController.m */ = {isa = PBXFileReference; fileEncoding = 4; lastKnownFileType = sourcecode.c.objc; path = beaconDistanceViewController.m; sourceTree = "<group>"; };
		47A139FC196AD97C00CEC495 /* Base */ = {isa = PBXFileReference; lastKnownFileType = file.storyboard; name = Base; path = Base.lproj/Main.storyboard; sourceTree = "<group>"; };
/* End PBXFileReference section */

/* Begin PBXFrameworksBuildPhase section */
		26ADA6BA19348D3300686C25 /* Frameworks */ = {
			isa = PBXFrameworksBuildPhase;
			buildActionMask = 2147483647;
			files = (
				26ADA6F81934940500686C25 /* CoreBluetooth.framework in Frameworks */,
				26ADA6F6193493CA00686C25 /* CoreLocation.framework in Frameworks */,
				26ADA6C319348D3400686C25 /* CoreGraphics.framework in Frameworks */,
				26ADA6C519348D3400686C25 /* UIKit.framework in Frameworks */,
				26ADA6C119348D3400686C25 /* Foundation.framework in Frameworks */,
			);
			runOnlyForDeploymentPostprocessing = 0;
		};
		26ADA6DB19348D3400686C25 /* Frameworks */ = {
			isa = PBXFrameworksBuildPhase;
			buildActionMask = 2147483647;
			files = (
				26ADA6E019348D3400686C25 /* XCTest.framework in Frameworks */,
				26ADA6E219348D3400686C25 /* UIKit.framework in Frameworks */,
				26ADA6E119348D3400686C25 /* Foundation.framework in Frameworks */,
			);
			runOnlyForDeploymentPostprocessing = 0;
		};
/* End PBXFrameworksBuildPhase section */

/* Begin PBXGroup section */
		26ADA6B419348D3300686C25 = {
			isa = PBXGroup;
			children = (
				26ADA6C619348D3400686C25 /* iBeacon */,
				26ADA6E519348D3400686C25 /* iBeaconTests */,
				26ADA6BF19348D3300686C25 /* Frameworks */,
				26ADA6BE19348D3300686C25 /* Products */,
			);
			sourceTree = "<group>";
		};
		26ADA6BE19348D3300686C25 /* Products */ = {
			isa = PBXGroup;
			children = (
				26ADA6BD19348D3300686C25 /* iBeacon.app */,
				26ADA6DE19348D3400686C25 /* iBeaconTests.xctest */,
			);
			name = Products;
			sourceTree = "<group>";
		};
		26ADA6BF19348D3300686C25 /* Frameworks */ = {
			isa = PBXGroup;
			children = (
				26ADA6F71934940500686C25 /* CoreBluetooth.framework */,
				26ADA6F5193493CA00686C25 /* CoreLocation.framework */,
				26ADA6C019348D3300686C25 /* Foundation.framework */,
				26ADA6C219348D3400686C25 /* CoreGraphics.framework */,
				26ADA6C419348D3400686C25 /* UIKit.framework */,
				26ADA6DF19348D3400686C25 /* XCTest.framework */,
			);
			name = Frameworks;
			sourceTree = "<group>";
		};
		26ADA6C619348D3400686C25 /* iBeacon */ = {
			isa = PBXGroup;
			children = (
				47A139FB196AD97C00CEC495 /* Main.storyboard */,
				26F888AE1961BDFA0019ED3F /* beaconCalibrate.h */,
				26F888AF1961BDFA0019ED3F /* beaconCalibrate.m */,
				47A139F8196AD1FD00CEC495 /* beaconDistanceViewController.h */,
				47A139F9196AD1FD00CEC495 /* beaconDistanceViewController.m */,
				269E017B194AFB070053653D /* beaconManager.h */,
				269E017C194AFB070053653D /* beaconManager.m */,
				269E0178194AF8F80053653D /* beaconTableViewController.h */,
				269E0179194AF8F80053653D /* beaconTableViewController.m */,
				26AD4F491941A83600C2045D /* beaconReader.h */,
				26AD4F4A1941A83600C2045D /* beaconReader.m */,
				26AD4F4C1941A85500C2045D /* beaconStation.h */,
				26AD4F4D1941A85500C2045D /* beaconStation.m */,
				26ADA6D519348D3400686C25 /* ViewController.h */,
				26ADA6D619348D3400686C25 /* ViewController.m */,
				26ADA6D819348D3400686C25 /* Images.xcassets */,
				26ADA6C719348D3400686C25 /* Supporting Files */,
				47A08488196417AB00E6A8BC /* beaconDBAction.h */,
				47A0848B19655DCB00E6A8BC /* beaconInfoData.h */,
				47A0848C19655DCB00E6A8BC /* beaconInfoData.m */,
				47A08489196417AB00E6A8BC /* beaconDBAction.m */,
			);
			path = iBeacon;
			sourceTree = "<group>";
		};
		26ADA6C719348D3400686C25 /* Supporting Files */ = {
			isa = PBXGroup;
			children = (
				26ADA6CF19348D3400686C25 /* AppDelegate.h */,
				26ADA6D019348D3400686C25 /* AppDelegate.m */,
				26ADA6C819348D3400686C25 /* iBeacon-Info.plist */,
				26ADA6C919348D3400686C25 /* InfoPlist.strings */,
				26ADA6CC19348D3400686C25 /* main.m */,
				26ADA6CE19348D3400686C25 /* iBeacon-Prefix.pch */,
			);
			name = "Supporting Files";
			sourceTree = "<group>";
		};
		26ADA6E519348D3400686C25 /* iBeaconTests */ = {
			isa = PBXGroup;
			children = (
				26ADA6EB19348D3400686C25 /* iBeaconTests.m */,
				26ADA6E619348D3400686C25 /* Supporting Files */,
			);
			path = iBeaconTests;
			sourceTree = "<group>";
		};
		26ADA6E619348D3400686C25 /* Supporting Files */ = {
			isa = PBXGroup;
			children = (
				26ADA6E719348D3400686C25 /* iBeaconTests-Info.plist */,
				26ADA6E819348D3400686C25 /* InfoPlist.strings */,
			);
			name = "Supporting Files";
			sourceTree = "<group>";
		};
/* End PBXGroup section */

/* Begin PBXNativeTarget section */
		26ADA6BC19348D3300686C25 /* iBeacon */ = {
			isa = PBXNativeTarget;
			buildConfigurationList = 26ADA6EF19348D3400686C25 /* Build configuration list for PBXNativeTarget "iBeacon" */;
			buildPhases = (
				26ADA6B919348D3300686C25 /* Sources */,
				26ADA6BA19348D3300686C25 /* Frameworks */,
				26ADA6BB19348D3300686C25 /* Resources */,
			);
			buildRules = (
			);
			dependencies = (
			);
			name = iBeacon;
			productName = iBeacon;
			productReference = 26ADA6BD19348D3300686C25 /* iBeacon.app */;
			productType = "com.apple.product-type.application";
		};
		26ADA6DD19348D3400686C25 /* iBeaconTests */ = {
			isa = PBXNativeTarget;
			buildConfigurationList = 26ADA6F219348D3400686C25 /* Build configuration list for PBXNativeTarget "iBeaconTests" */;
			buildPhases = (
				26ADA6DA19348D3400686C25 /* Sources */,
				26ADA6DB19348D3400686C25 /* Frameworks */,
				26ADA6DC19348D3400686C25 /* Resources */,
			);
			buildRules = (
			);
			dependencies = (
				26ADA6E419348D3400686C25 /* PBXTargetDependency */,
			);
			name = iBeaconTests;
			productName = iBeaconTests;
			productReference = 26ADA6DE19348D3400686C25 /* iBeaconTests.xctest */;
			productType = "com.apple.product-type.bundle.unit-test";
		};
/* End PBXNativeTarget section */

/* Begin PBXProject section */
		26ADA6B519348D3300686C25 /* Project object */ = {
			isa = PBXProject;
			attributes = {
				LastUpgradeCheck = 0510;
				ORGANIZATIONNAME = dastone;
				TargetAttributes = {
					26ADA6DD19348D3400686C25 = {
						TestTargetID = 26ADA6BC19348D3300686C25;
					};
				};
			};
			buildConfigurationList = 26ADA6B819348D3300686C25 /* Build configuration list for PBXProject "iBeacon" */;
			compatibilityVersion = "Xcode 3.2";
			developmentRegion = English;
			hasScannedForEncodings = 0;
			knownRegions = (
				en,
				Base,
			);
			mainGroup = 26ADA6B419348D3300686C25;
			productRefGroup = 26ADA6BE19348D3300686C25 /* Products */;
			projectDirPath = "";
			projectRoot = "";
			targets = (
				26ADA6BC19348D3300686C25 /* iBeacon */,
				26ADA6DD19348D3400686C25 /* iBeaconTests */,
			);
		};
/* End PBXProject section */

/* Begin PBXResourcesBuildPhase section */
		26ADA6BB19348D3300686C25 /* Resources */ = {
			isa = PBXResourcesBuildPhase;
			buildActionMask = 2147483647;
			files = (
				47A139FD196AD97C00CEC495 /* Main.storyboard in Resources */,
				26ADA6D919348D3400686C25 /* Images.xcassets in Resources */,
				26ADA6CB19348D3400686C25 /* InfoPlist.strings in Resources */,
			);
			runOnlyForDeploymentPostprocessing = 0;
		};
		26ADA6DC19348D3400686C25 /* Resources */ = {
			isa = PBXResourcesBuildPhase;
			buildActionMask = 2147483647;
			files = (
				26ADA6EA19348D3400686C25 /* InfoPlist.strings in Resources */,
			);
			runOnlyForDeploymentPostprocessing = 0;
		};
/* End PBXResourcesBuildPhase section */

/* Begin PBXSourcesBuildPhase section */
		26ADA6B919348D3300686C25 /* Sources */ = {
			isa = PBXSourcesBuildPhase;
			buildActionMask = 2147483647;
			files = (
				26AD4F4B1941A83600C2045D /* beaconReader.m in Sources */,
				26ADA6D719348D3400686C25 /* ViewController.m in Sources */,
				269E017D194AFB070053653D /* beaconManager.m in Sources */,
				26F888B01961BDFA0019ED3F /* beaconCalibrate.m in Sources */,
				47A139FA196AD1FD00CEC495 /* beaconDistanceViewController.m in Sources */,
				47A0848A196417AB00E6A8BC /* beaconDBAction.m in Sources */,
				26ADA6D119348D3400686C25 /* AppDelegate.m in Sources */,
				269E017A194AF8F80053653D /* beaconTableViewController.m in Sources */,
				26ADA6CD19348D3400686C25 /* main.m in Sources */,
				26AD4F4E1941A85500C2045D /* beaconStation.m in Sources */,
				47A0848D19655DCB00E6A8BC /* beaconInfoData.m in Sources */,
			);
			runOnlyForDeploymentPostprocessing = 0;
		};
		26ADA6DA19348D3400686C25 /* Sources */ = {
			isa = PBXSourcesBuildPhase;
			buildActionMask = 2147483647;
			files = (
				26ADA6EC19348D3400686C25 /* iBeaconTests.m in Sources */,
			);
			runOnlyForDeploymentPostprocessing = 0;
		};
/* End PBXSourcesBuildPhase section */

/* Begin PBXTargetDependency section */
		26ADA6E419348D3400686C25 /* PBXTargetDependency */ = {
			isa = PBXTargetDependency;
			target = 26ADA6BC19348D3300686C25 /* iBeacon */;
			targetProxy = 26ADA6E319348D3400686C25 /* PBXContainerItemProxy */;
		};
/* End PBXTargetDependency section */

/* Begin PBXVariantGroup section */
		26ADA6C919348D3400686C25 /* InfoPlist.strings */ = {
			isa = PBXVariantGroup;
			children = (
				26ADA6CA19348D3400686C25 /* en */,
			);
			name = InfoPlist.strings;
			sourceTree = "<group>";
		};
		26ADA6E819348D3400686C25 /* InfoPlist.strings */ = {
			isa = PBXVariantGroup;
			children = (
				26ADA6E919348D3400686C25 /* en */,
			);
			name = InfoPlist.strings;
			sourceTree = "<group>";
		};
		47A139FB196AD97C00CEC495 /* Main.storyboard */ = {
			isa = PBXVariantGroup;
			children = (
				47A139FC196AD97C00CEC495 /* Base */,
			);
			name = Main.storyboard;
			sourceTree = "<group>";
		};
/* End PBXVariantGroup section */

/* Begin XCBuildConfiguration section */
		26ADA6ED19348D3400686C25 /* Debug */ = {
			isa = XCBuildConfiguration;
			buildSettings = {
				ALWAYS_SEARCH_USER_PATHS = NO;
				CLANG_CXX_LANGUAGE_STANDARD = "gnu++0x";
				CLANG_CXX_LIBRARY = "libc++";
				CLANG_ENABLE_MODULES = YES;
				CLANG_ENABLE_OBJC_ARC = YES;
				CLANG_WARN_BOOL_CONVERSION = YES;
				CLANG_WARN_CONSTANT_CONVERSION = YES;
				CLANG_WARN_DIRECT_OBJC_ISA_USAGE = YES_ERROR;
				CLANG_WARN_EMPTY_BODY = YES;
				CLANG_WARN_ENUM_CONVERSION = YES;
				CLANG_WARN_INT_CONVERSION = YES;
				CLANG_WARN_OBJC_ROOT_CLASS = YES_ERROR;
				CLANG_WARN__DUPLICATE_METHOD_MATCH = YES;
				"CODE_SIGN_IDENTITY[sdk=iphoneos*]" = "iPhone Developer";
				COPY_PHASE_STRIP = NO;
				GCC_C_LANGUAGE_STANDARD = gnu99;
				GCC_DYNAMIC_NO_PIC = NO;
				GCC_OPTIMIZATION_LEVEL = 0;
				GCC_PREPROCESSOR_DEFINITIONS = (
					"DEBUG=1",
					"$(inherited)",
				);
				GCC_SYMBOLS_PRIVATE_EXTERN = NO;
				GCC_WARN_64_TO_32_BIT_CONVERSION = YES;
				GCC_WARN_ABOUT_RETURN_TYPE = YES_ERROR;
				GCC_WARN_UNDECLARED_SELECTOR = YES;
				GCC_WARN_UNINITIALIZED_AUTOS = YES_AGGRESSIVE;
				GCC_WARN_UNUSED_FUNCTION = YES;
				GCC_WARN_UNUSED_VARIABLE = YES;
				IPHONEOS_DEPLOYMENT_TARGET = 7.1;
				ONLY_ACTIVE_ARCH = YES;
				SDKROOT = iphoneos;
			};
			name = Debug;
		};
		26ADA6EE19348D3400686C25 /* Release */ = {
			isa = XCBuildConfiguration;
			buildSettings = {
				ALWAYS_SEARCH_USER_PATHS = NO;
				CLANG_CXX_LANGUAGE_STANDARD = "gnu++0x";
				CLANG_CXX_LIBRARY = "libc++";
				CLANG_ENABLE_MODULES = YES;
				CLANG_ENABLE_OBJC_ARC = YES;
				CLANG_WARN_BOOL_CONVERSION = YES;
				CLANG_WARN_CONSTANT_CONVERSION = YES;
				CLANG_WARN_DIRECT_OBJC_ISA_USAGE = YES_ERROR;
				CLANG_WARN_EMPTY_BODY = YES;
				CLANG_WARN_ENUM_CONVERSION = YES;
				CLANG_WARN_INT_CONVERSION = YES;
				CLANG_WARN_OBJC_ROOT_CLASS = YES_ERROR;
				CLANG_WARN__DUPLICATE_METHOD_MATCH = YES;
				"CODE_SIGN_IDENTITY[sdk=iphoneos*]" = "iPhone Developer";
				COPY_PHASE_STRIP = YES;
				ENABLE_NS_ASSERTIONS = NO;
				GCC_C_LANGUAGE_STANDARD = gnu99;
				GCC_WARN_64_TO_32_BIT_CONVERSION = YES;
				GCC_WARN_ABOUT_RETURN_TYPE = YES_ERROR;
				GCC_WARN_UNDECLARED_SELECTOR = YES;
				GCC_WARN_UNINITIALIZED_AUTOS = YES_AGGRESSIVE;
				GCC_WARN_UNUSED_FUNCTION = YES;
				GCC_WARN_UNUSED_VARIABLE = YES;
				IPHONEOS_DEPLOYMENT_TARGET = 7.1;
				SDKROOT = iphoneos;
				VALIDATE_PRODUCT = YES;
			};
			name = Release;
		};
		26ADA6F019348D3400686C25 /* Debug */ = {
			isa = XCBuildConfiguration;
			buildSettings = {
				ASSETCATALOG_COMPILER_APPICON_NAME = AppIcon;
				ASSETCATALOG_COMPILER_LAUNCHIMAGE_NAME = LaunchImage;
				GCC_PRECOMPILE_PREFIX_HEADER = YES;
				GCC_PREFIX_HEADER = "iBeacon/iBeacon-Prefix.pch";
				INFOPLIST_FILE = "iBeacon/iBeacon-Info.plist";
				PRODUCT_NAME = "$(TARGET_NAME)";
				WRAPPER_EXTENSION = app;
			};
			name = Debug;
		};
		26ADA6F119348D3400686C25 /* Release */ = {
			isa = XCBuildConfiguration;
			buildSettings = {
				ASSETCATALOG_COMPILER_APPICON_NAME = AppIcon;
				ASSETCATALOG_COMPILER_LAUNCHIMAGE_NAME = LaunchImage;
				GCC_PRECOMPILE_PREFIX_HEADER = YES;
				GCC_PREFIX_HEADER = "iBeacon/iBeacon-Prefix.pch";
				INFOPLIST_FILE = "iBeacon/iBeacon-Info.plist";
				PRODUCT_NAME = "$(TARGET_NAME)";
				WRAPPER_EXTENSION = app;
			};
			name = Release;
		};
		26ADA6F319348D3400686C25 /* Debug */ = {
			isa = XCBuildConfiguration;
			buildSettings = {
				BUNDLE_LOADER = "$(BUILT_PRODUCTS_DIR)/iBeacon.app/iBeacon";
				FRAMEWORK_SEARCH_PATHS = (
					"$(SDKROOT)/Developer/Library/Frameworks",
					"$(inherited)",
					"$(DEVELOPER_FRAMEWORKS_DIR)",
				);
				GCC_PRECOMPILE_PREFIX_HEADER = YES;
				GCC_PREFIX_HEADER = "iBeacon/iBeacon-Prefix.pch";
				GCC_PREPROCESSOR_DEFINITIONS = (
					"DEBUG=1",
					"$(inherited)",
				);
				INFOPLIST_FILE = "iBeaconTests/iBeaconTests-Info.plist";
				PRODUCT_NAME = "$(TARGET_NAME)";
				TEST_HOST = "$(BUNDLE_LOADER)";
				WRAPPER_EXTENSION = xctest;
			};
			name = Debug;
		};
		26ADA6F419348D3400686C25 /* Release */ = {
			isa = XCBuildConfiguration;
			buildSettings = {
				BUNDLE_LOADER = "$(BUILT_PRODUCTS_DIR)/iBeacon.app/iBeacon";
				FRAMEWORK_SEARCH_PATHS = (
					"$(SDKROOT)/Developer/Library/Frameworks",
					"$(inherited)",
					"$(DEVELOPER_FRAMEWORKS_DIR)",
				);
				GCC_PRECOMPILE_PREFIX_HEADER = YES;
				GCC_PREFIX_HEADER = "iBeacon/iBeacon-Prefix.pch";
				INFOPLIST_FILE = "iBeaconTests/iBeaconTests-Info.plist";
				PRODUCT_NAME = "$(TARGET_NAME)";
				TEST_HOST = "$(BUNDLE_LOADER)";
				WRAPPER_EXTENSION = xctest;
			};
			name = Release;
		};
/* End XCBuildConfiguration section */

/* Begin XCConfigurationList section */
		26ADA6B819348D3300686C25 /* Build configuration list for PBXProject "iBeacon" */ = {
			isa = XCConfigurationList;
			buildConfigurations = (
				26ADA6ED19348D3400686C25 /* Debug */,
				26ADA6EE19348D3400686C25 /* Release */,
			);
			defaultConfigurationIsVisible = 0;
			defaultConfigurationName = Release;
		};
		26ADA6EF19348D3400686C25 /* Build configuration list for PBXNativeTarget "iBeacon" */ = {
			isa = XCConfigurationList;
			buildConfigurations = (
				26ADA6F019348D3400686C25 /* Debug */,
				26ADA6F119348D3400686C25 /* Release */,
			);
			defaultConfigurationIsVisible = 0;
			defaultConfigurationName = Release;
		};
		26ADA6F219348D3400686C25 /* Build configuration list for PBXNativeTarget "iBeaconTests" */ = {
			isa = XCConfigurationList;
			buildConfigurations = (
				26ADA6F319348D3400686C25 /* Debug */,
				26ADA6F419348D3400686C25 /* Release */,
			);
			defaultConfigurationIsVisible = 0;
			defaultConfigurationName = Release;
		};
/* End XCConfigurationList section */
	};
	rootObject = 26ADA6B519348D3300686C25 /* Project object */;
}
